<?xml version="1.0" encoding="utf-8"?>
<Project ToolsVersion="17.0" xmlns="http://schemas.microsoft.com/developer/msbuild/2003">
  <ItemGroup>
    <ClCompile Include="D:\Projects\VoIP\rnnoise\src\celt_lpc.c">
      <Filter>Source Files</Filter>
    </ClCompile>
    <ClCompile Include="D:\Projects\VoIP\rnnoise\src\denoise.c">
      <Filter>Source Files</Filter>
    </ClCompile>
    <ClCompile Include="D:\Projects\VoIP\rnnoise\src\kiss_fft.c">
      <Filter>Source Files</Filter>
    </ClCompile>
    <ClCompile Include="D:\Projects\VoIP\rnnoise\src\pitch.c">
      <Filter>Source Files</Filter>
    </ClCompile>
    <ClCompile Include="D:\Projects\VoIP\rnnoise\src\rnn.c">
      <Filter>Source Files</Filter>
    </ClCompile>
    <ClCompile Include="D:\Projects\VoIP\rnnoise\src\rnn_data.c">
      <Filter>Source Files</Filter>
    </ClCompile>
    <ClCompile Include="D:\Projects\VoIP\rnnoise\src\rnn_reader.c">
      <Filter>Source Files</Filter>
    </ClCompile>
  </ItemGroup>
  <ItemGroup>
    <CustomBuild Include="D:\Projects\VoIP\rnnoise\CMakeLists.txt" />
  </ItemGroup>
  <ItemGroup>
    <Filter Include="Source Files">
      <UniqueIdentifier>{88A734D2-DBA4-3CA4-88EE-36168844CF14}</UniqueIdentifier>
    </Filter>
  </ItemGroup>
</Project>
